{
    "version": 3,
    "terraform_version": "0.11.5",
    "serial": 8,
    "lineage": "4ce804a6-a40c-8e07-de39-56ffdc91e337",
    "modules": [
        {
            "path": [
                "root"
            ],
            "outputs": {
                "instance_id": {
                    "sensitive": false,
                    "type": "string",
                    "value": "i-0c2c9aaee8bf75c82"
                },
                "instance_public_dns": {
                    "sensitive": false,
                    "type": "string",
                    "value": "ec2-52-88-240-153.us-west-2.compute.amazonaws.com"
                }
            },
            "resources": {
                "aws_eip.this": {
                    "type": "aws_eip",
                    "depends_on": [
                        "module.ec2"
                    ],
                    "primary": {
                        "id": "eipalloc-71833e4d",
                        "attributes": {
                            "association_id": "eipassoc-95dd5169",
                            "domain": "vpc",
                            "id": "eipalloc-71833e4d",
                            "instance": "i-0c2c9aaee8bf75c82",
                            "network_interface": "eni-0edb0828",
                            "private_ip": "172.31.24.213",
                            "public_ip": "35.155.162.169",
                            "tags.%": "0",
                            "vpc": "true"
                        },
                        "meta": {
                            "e2bfb730-ecaa-11e6-8f88-34363bc7c4c0": {
                                "delete": 180000000000,
                                "read": 900000000000,
                                "update": 300000000000
                            }
                        },
                        "tainted": false
                    },
                    "deposed": [],
                    "provider": "provider.aws"
                },
                "data.aws_ami.amazon_linux": {
                    "type": "aws_ami",
                    "depends_on": [],
                    "primary": {
                        "id": "ami-0163da89c9a854198",
                        "attributes": {
                            "architecture": "x86_64",
                            "block_device_mappings.#": "1",
                            "block_device_mappings.340275815.device_name": "/dev/xvda",
                            "block_device_mappings.340275815.ebs.%": "6",
                            "block_device_mappings.340275815.ebs.delete_on_termination": "true",
                            "block_device_mappings.340275815.ebs.encrypted": "false",
                            "block_device_mappings.340275815.ebs.iops": "0",
                            "block_device_mappings.340275815.ebs.snapshot_id": "snap-0dda6cc0579796e63",
                            "block_device_mappings.340275815.ebs.volume_size": "8",
                            "block_device_mappings.340275815.ebs.volume_type": "gp2",
                            "block_device_mappings.340275815.no_device": "",
                            "block_device_mappings.340275815.virtual_name": "",
                            "creation_date": "2018-03-07T07:11:48.000Z",
                            "description": "Amazon Linux AMI 2017.09.1-testlongids.20180307 x86_64 HVM GP2",
                            "filter.#": "2",
                            "filter.3169420402.name": "name",
                            "filter.3169420402.values.#": "1",
                            "filter.3169420402.values.0": "amzn-ami-hvm-*-x86_64-gp2",
                            "filter.574890044.name": "owner-alias",
                            "filter.574890044.values.#": "1",
                            "filter.574890044.values.0": "amazon",
                            "hypervisor": "xen",
                            "id": "ami-0163da89c9a854198",
                            "image_id": "ami-0163da89c9a854198",
                            "image_location": "amazon/amzn-ami-hvm-2017.09.1-testlongids.20180307-x86_64-gp2",
                            "image_owner_alias": "amazon",
                            "image_type": "machine",
                            "most_recent": "true",
                            "name": "amzn-ami-hvm-2017.09.1-testlongids.20180307-x86_64-gp2",
                            "owner_id": "137112412989",
                            "product_codes.#": "0",
                            "public": "true",
                            "root_device_name": "/dev/xvda",
                            "root_device_type": "ebs",
                            "root_snapshot_id": "snap-0dda6cc0579796e63",
                            "sriov_net_support": "simple",
                            "state": "available",
                            "state_reason.%": "2",
                            "state_reason.code": "UNSET",
                            "state_reason.message": "UNSET",
                            "tags.%": "0",
                            "virtualization_type": "hvm"
                        },
                        "meta": {},
                        "tainted": false
                    },
                    "deposed": [],
                    "provider": "provider.aws"
                },
                "data.aws_subnet_ids.all": {
                    "type": "aws_subnet_ids",
                    "depends_on": [
                        "data.aws_vpc.default"
                    ],
                    "primary": {
                        "id": "vpc-3d7b4f58",
                        "attributes": {
                            "id": "vpc-3d7b4f58",
                            "ids.#": "3",
                            "ids.144318342": "subnet-7a84ba1f",
                            "ids.1981807958": "subnet-7fcd9108",
                            "ids.632969891": "subnet-ee2b5cb7",
                            "vpc_id": "vpc-3d7b4f58"
                        },
                        "meta": {},
                        "tainted": false
                    },
                    "deposed": [],
                    "provider": "provider.aws"
                },
                "data.aws_vpc.default": {
                    "type": "aws_vpc",
                    "depends_on": [],
                    "primary": {
                        "id": "vpc-3d7b4f58",
                        "attributes": {
                            "cidr_block": "172.31.0.0/16",
                            "default": "true",
                            "dhcp_options_id": "dopt-d4bd6db1",
                            "enable_dns_hostnames": "true",
                            "enable_dns_support": "true",
                            "id": "vpc-3d7b4f58",
                            "instance_tenancy": "default",
                            "state": "available",
                            "tags.%": "0"
                        },
                        "meta": {},
                        "tainted": false
                    },
                    "deposed": [],
                    "provider": "provider.aws"
                }
            },
            "depends_on": []
        },
        {
            "path": [
                "root",
                "ec2"
            ],
            "outputs": {
                "availability_zone": {
                    "sensitive": false,
                    "type": "list",
                    "value": [
                        "us-west-2a"
                    ]
                },
                "id": {
                    "sensitive": false,
                    "type": "list",
                    "value": [
                        "i-0c2c9aaee8bf75c82"
                    ]
                },
                "key_name": {
                    "sensitive": false,
                    "type": "list",
                    "value": [
                        "deployer"
                    ]
                },
                "network_interface_id": {
                    "sensitive": false,
                    "type": "list",
                    "value": [
                        "eni-0edb0828"
                    ]
                },
                "primary_network_interface_id": {
                    "sensitive": false,
                    "type": "list",
                    "value": [
                        "eni-0edb0828"
                    ]
                },
                "private_dns": {
                    "sensitive": false,
                    "type": "list",
                    "value": [
                        "ip-172-31-24-213.us-west-2.compute.internal"
                    ]
                },
                "private_ip": {
                    "sensitive": false,
                    "type": "list",
                    "value": [
                        "172.31.24.213"
                    ]
                },
                "public_dns": {
                    "sensitive": false,
                    "type": "list",
                    "value": [
                        "ec2-52-88-240-153.us-west-2.compute.amazonaws.com"
                    ]
                },
                "public_ip": {
                    "sensitive": false,
                    "type": "list",
                    "value": [
                        "52.88.240.153"
                    ]
                },
                "security_groups": {
                    "sensitive": false,
                    "type": "list",
                    "value": [
                        [
                            "SG for Adi App"
                        ]
                    ]
                },
                "subnet_id": {
                    "sensitive": false,
                    "type": "list",
                    "value": [
                        "subnet-7a84ba1f"
                    ]
                },
                "tags": {
                    "sensitive": false,
                    "type": "list",
                    "value": [
                        {
                            "Name": "Adi App Server"
                        }
                    ]
                },
                "vpc_security_group_ids": {
                    "sensitive": false,
                    "type": "list",
                    "value": [
                        [
                            "sg-5547d72b"
                        ]
                    ]
                }
            },
            "resources": {
                "aws_instance.this": {
                    "type": "aws_instance",
                    "depends_on": [],
                    "primary": {
                        "id": "i-0c2c9aaee8bf75c82",
                        "attributes": {
                            "ami": "ami-0163da89c9a854198",
                            "associate_public_ip_address": "true",
                            "availability_zone": "us-west-2a",
                            "disable_api_termination": "false",
                            "ebs_block_device.#": "0",
                            "ebs_optimized": "false",
                            "ephemeral_block_device.#": "0",
                            "get_password_data": "false",
                            "iam_instance_profile": "",
                            "id": "i-0c2c9aaee8bf75c82",
                            "instance_state": "running",
                            "instance_type": "t2.micro",
                            "ipv6_address_count": "0",
                            "ipv6_addresses.#": "0",
                            "key_name": "deployer",
                            "monitoring": "false",
                            "network_interface.#": "0",
                            "network_interface_id": "eni-0edb0828",
                            "password_data": "",
                            "placement_group": "",
                            "primary_network_interface_id": "eni-0edb0828",
                            "private_dns": "ip-172-31-24-213.us-west-2.compute.internal",
                            "private_ip": "172.31.24.213",
                            "public_dns": "ec2-52-88-240-153.us-west-2.compute.amazonaws.com",
                            "public_ip": "52.88.240.153",
                            "root_block_device.#": "1",
                            "root_block_device.0.delete_on_termination": "true",
                            "root_block_device.0.iops": "100",
                            "root_block_device.0.volume_id": "vol-0da5cad8a063aa7b8",
                            "root_block_device.0.volume_size": "8",
                            "root_block_device.0.volume_type": "gp2",
                            "security_groups.#": "1",
                            "security_groups.2799384503": "SG for Adi App",
                            "source_dest_check": "true",
                            "subnet_id": "subnet-7a84ba1f",
                            "tags.%": "1",
                            "tags.Name": "Adi App Server",
                            "tenancy": "default",
                            "user_data": "da39a3ee5e6b4b0d3255bfef95601890afd80709",
                            "volume_tags.%": "0",
                            "vpc_security_group_ids.#": "1",
                            "vpc_security_group_ids.754110054": "sg-5547d72b"
                        },
                        "meta": {
                            "e2bfb730-ecaa-11e6-8f88-34363bc7c4c0": {
                                "create": 600000000000,
                                "delete": 1200000000000,
                                "update": 600000000000
                            },
                            "schema_version": "1"
                        },
                        "tainted": false
                    },
                    "deposed": [],
                    "provider": "provider.aws"
                }
            },
            "depends_on": []
        },
        {
            "path": [
                "root",
                "security_group"
            ],
            "outputs": {
                "this_security_group_description": {
                    "sensitive": false,
                    "type": "string",
                    "value": "Security group for AdiApp."
                },
                "this_security_group_id": {
                    "sensitive": false,
                    "type": "string",
                    "value": "sg-5547d72b"
                },
                "this_security_group_name": {
                    "sensitive": false,
                    "type": "string",
                    "value": "SG for Adi App"
                },
                "this_security_group_owner_id": {
                    "sensitive": false,
                    "type": "string",
                    "value": "328667277079"
                },
                "this_security_group_vpc_id": {
                    "sensitive": false,
                    "type": "string",
                    "value": "vpc-3d7b4f58"
                }
            },
            "resources": {
                "aws_security_group.this": {
                    "type": "aws_security_group",
                    "depends_on": [],
                    "primary": {
                        "id": "sg-5547d72b",
                        "attributes": {
                            "arn": "arn:aws:ec2:us-west-2:328667277079:security-group/sg-5547d72b",
                            "description": "Security group for AdiApp.",
                            "egress.#": "1",
                            "egress.2165290566.cidr_blocks.#": "1",
                            "egress.2165290566.cidr_blocks.0": "0.0.0.0/0",
                            "egress.2165290566.description": "All protocols",
                            "egress.2165290566.from_port": "0",
                            "egress.2165290566.ipv6_cidr_blocks.#": "1",
                            "egress.2165290566.ipv6_cidr_blocks.0": "::/0",
                            "egress.2165290566.prefix_list_ids.#": "0",
                            "egress.2165290566.protocol": "-1",
                            "egress.2165290566.security_groups.#": "0",
                            "egress.2165290566.self": "false",
                            "egress.2165290566.to_port": "0",
                            "id": "sg-5547d72b",
                            "ingress.#": "3",
                            "ingress.1116238549.cidr_blocks.#": "1",
                            "ingress.1116238549.cidr_blocks.0": "0.0.0.0/0",
                            "ingress.1116238549.description": "SSH",
                            "ingress.1116238549.from_port": "22",
                            "ingress.1116238549.ipv6_cidr_blocks.#": "0",
                            "ingress.1116238549.protocol": "tcp",
                            "ingress.1116238549.security_groups.#": "0",
                            "ingress.1116238549.self": "false",
                            "ingress.1116238549.to_port": "22",
                            "ingress.184919250.cidr_blocks.#": "1",
                            "ingress.184919250.cidr_blocks.0": "0.0.0.0/0",
                            "ingress.184919250.description": "All IPV4 ICMP",
                            "ingress.184919250.from_port": "-1",
                            "ingress.184919250.ipv6_cidr_blocks.#": "0",
                            "ingress.184919250.protocol": "icmp",
                            "ingress.184919250.security_groups.#": "0",
                            "ingress.184919250.self": "false",
                            "ingress.184919250.to_port": "-1",
                            "ingress.2776738622.cidr_blocks.#": "1",
                            "ingress.2776738622.cidr_blocks.0": "0.0.0.0/0",
                            "ingress.2776738622.description": "HTTP",
                            "ingress.2776738622.from_port": "80",
                            "ingress.2776738622.ipv6_cidr_blocks.#": "0",
                            "ingress.2776738622.protocol": "tcp",
                            "ingress.2776738622.security_groups.#": "0",
                            "ingress.2776738622.self": "false",
                            "ingress.2776738622.to_port": "80",
                            "name": "SG for Adi App",
                            "owner_id": "328667277079",
                            "revoke_rules_on_delete": "false",
                            "tags.%": "1",
                            "tags.Name": "SG for Adi App",
                            "vpc_id": "vpc-3d7b4f58"
                        },
                        "meta": {
                            "e2bfb730-ecaa-11e6-8f88-34363bc7c4c0": {
                                "create": 600000000000,
                                "delete": 600000000000
                            },
                            "schema_version": "1"
                        },
                        "tainted": false
                    },
                    "deposed": [],
                    "provider": "provider.aws"
                },
                "aws_security_group_rule.egress_rules": {
                    "type": "aws_security_group_rule",
                    "depends_on": [
                        "aws_security_group.this"
                    ],
                    "primary": {
                        "id": "sgrule-734769625",
                        "attributes": {
                            "cidr_blocks.#": "1",
                            "cidr_blocks.0": "0.0.0.0/0",
                            "description": "All protocols",
                            "from_port": "-1",
                            "id": "sgrule-734769625",
                            "ipv6_cidr_blocks.#": "1",
                            "ipv6_cidr_blocks.0": "::/0",
                            "prefix_list_ids.#": "0",
                            "protocol": "-1",
                            "security_group_id": "sg-5547d72b",
                            "self": "false",
                            "to_port": "-1",
                            "type": "egress"
                        },
                        "meta": {
                            "schema_version": "2"
                        },
                        "tainted": false
                    },
                    "deposed": [],
                    "provider": "provider.aws"
                },
                "aws_security_group_rule.ingress_rules.0": {
                    "type": "aws_security_group_rule",
                    "depends_on": [
                        "aws_security_group.this"
                    ],
                    "primary": {
                        "id": "sgrule-252511546",
                        "attributes": {
                            "cidr_blocks.#": "1",
                            "cidr_blocks.0": "0.0.0.0/0",
                            "description": "HTTP",
                            "from_port": "80",
                            "id": "sgrule-252511546",
                            "ipv6_cidr_blocks.#": "0",
                            "prefix_list_ids.#": "0",
                            "protocol": "tcp",
                            "security_group_id": "sg-5547d72b",
                            "self": "false",
                            "to_port": "80",
                            "type": "ingress"
                        },
                        "meta": {
                            "schema_version": "2"
                        },
                        "tainted": false
                    },
                    "deposed": [],
                    "provider": "provider.aws"
                },
                "aws_security_group_rule.ingress_rules.1": {
                    "type": "aws_security_group_rule",
                    "depends_on": [
                        "aws_security_group.this"
                    ],
                    "primary": {
                        "id": "sgrule-2045956560",
                        "attributes": {
                            "cidr_blocks.#": "1",
                            "cidr_blocks.0": "0.0.0.0/0",
                            "description": "All IPV4 ICMP",
                            "from_port": "-1",
                            "id": "sgrule-2045956560",
                            "ipv6_cidr_blocks.#": "0",
                            "prefix_list_ids.#": "0",
                            "protocol": "icmp",
                            "security_group_id": "sg-5547d72b",
                            "self": "false",
                            "to_port": "-1",
                            "type": "ingress"
                        },
                        "meta": {
                            "schema_version": "2"
                        },
                        "tainted": false
                    },
                    "deposed": [],
                    "provider": "provider.aws"
                },
                "aws_security_group_rule.ingress_with_cidr_blocks": {
                    "type": "aws_security_group_rule",
                    "depends_on": [
                        "aws_security_group.this"
                    ],
                    "primary": {
                        "id": "sgrule-3112654991",
                        "attributes": {
                            "cidr_blocks.#": "1",
                            "cidr_blocks.0": "0.0.0.0/0",
                            "description": "SSH",
                            "from_port": "22",
                            "id": "sgrule-3112654991",
                            "ipv6_cidr_blocks.#": "0",
                            "prefix_list_ids.#": "0",
                            "protocol": "tcp",
                            "security_group_id": "sg-5547d72b",
                            "self": "false",
                            "to_port": "22",
                            "type": "ingress"
                        },
                        "meta": {
                            "schema_version": "2"
                        },
                        "tainted": false
                    },
                    "deposed": [],
                    "provider": "provider.aws"
                }
            },
            "depends_on": []
        }
    ]
}
